
Microsoft Visual Studio Solution File, Format Version 12.00
# Visual Studio Version 17
VisualStudioVersion = 17.0.31903.59
MinimumVisualStudioVersion = 10.0.40219.1
Project("{FAE04EC0-301F-11D3-BF4B-00C04F79EFBC}") = "ConsoleApp", "ConsoleApp\ConsoleApp.csproj", "{7501BB28-223C-492B-987D-66454B9E8CDE}"
EndProject
Project("{FAE04EC0-301F-11D3-BF4B-00C04F79EFBC}") = "TestProject1", "TestProject1\TestProject1.csproj", "{DB108388-8294-4D3B-BB4F-1CD594D57B07}"
EndProject
Global
	GlobalSection(SolutionConfigurationPlatforms) = preSolution
		Debug|Any CPU = Debug|Any CPU
		Release|Any CPU = Release|Any CPU
	EndGlobalSection
	GlobalSection(SolutionProperties) = preSolution
		HideSolutionNode = FALSE
	EndGlobalSection
	GlobalSection(ProjectConfigurationPlatforms) = postSolution
		{7501BB28-223C-492B-987D-66454B9E8CDE}.Debug|Any CPU.ActiveCfg = Debug|Any CPU
		{7501BB28-223C-492B-987D-66454B9E8CDE}.Debug|Any CPU.Build.0 = Debug|Any CPU
		{7501BB28-223C-492B-987D-66454B9E8CDE}.Release|Any CPU.ActiveCfg = Release|Any CPU
		{7501BB28-223C-492B-987D-66454B9E8CDE}.Release|Any CPU.Build.0 = Release|Any CPU
		{DB108388-8294-4D3B-BB4F-1CD594D57B07}.Debug|Any CPU.ActiveCfg = Debug|Any CPU
		{DB108388-8294-4D3B-BB4F-1CD594D57B07}.Debug|Any CPU.Build.0 = Debug|Any CPU
		{DB108388-8294-4D3B-BB4F-1CD594D57B07}.Release|Any CPU.ActiveCfg = Release|Any CPU
		{DB108388-8294-4D3B-BB4F-1CD594D57B07}.Release|Any CPU.Build.0 = Release|Any CPU
	EndGlobalSection
EndGlobal
